{
  "name": "liuxiaodi-test",
  "version": "1.0.4",
  "lockfileVersion": 3,
  "requires": true,
  "packages": {
    "": {
      "name": "liuxiaodi-test",
      "version": "1.0.4",
      "license": "ISC",
      "dependencies": {
        "liuxiaodi-test-lib": "^1.0.0"
      },
      "bin": {
        "liuxiaodi-test": "bin/index.js"
      }
    },
    "node_modules/liuxiaodi-test-lib": {
      "version": "1.0.0",
      "resolved": "https://registry.npmjs.org/liuxiaodi-test-lib/-/liuxiaodi-test-lib-1.0.0.tgz",
      "integrity": "sha512-ponif2l/d2Z8g/zFl0MPFvUOj8zK9JG+1LbcqYWp+1YxBsjTB4zBMKGD3RQFuPK+KGS4c67F9hceESaUYvMlPg==",
      "license": "ISC"
    }
  }
}
